
Microsoft Visual Studio Solution File, Format Version 12.00
Project("{FAE04EC0-301F-11D3-BF4B-00C04F79EFBC}") = "PruebaGrafica", "PruebaGrafica\PruebaGrafica.csproj", "{B72B1557-08F7-4EFE-AF20-F2AD18AE9EB1}"
EndProject
Global
	GlobalSection(SolutionConfigurationPlatforms) = preSolution
		Debug|Any CPU = Debug|Any CPU
		Release|Any CPU = Release|Any CPU
	EndGlobalSection
	GlobalSection(ProjectConfigurationPlatforms) = postSolution
		{B72B1557-08F7-4EFE-AF20-F2AD18AE9EB1}.Debug|Any CPU.ActiveCfg = Debug|Any CPU
		{B72B1557-08F7-4EFE-AF20-F2AD18AE9EB1}.Debug|Any CPU.Build.0 = Debug|Any CPU
		{B72B1557-08F7-4EFE-AF20-F2AD18AE9EB1}.Release|Any CPU.ActiveCfg = Release|Any CPU
		{B72B1557-08F7-4EFE-AF20-F2AD18AE9EB1}.Release|Any CPU.Build.0 = Release|Any CPU
	EndGlobalSection
EndGlobal
